
Microsoft Visual Studio Solution File, Format Version 12.00
# Visual Studio Version 17
VisualStudioVersion = 17.11.35312.102
MinimumVisualStudioVersion = 10.0.40219.1
Project("{FAE04EC0-301F-11D3-BF4B-00C04F79EFBC}") = "Hastane Otomasyonu", "Hastane Otomasyonu\Hastane Otomasyonu.csproj", "{5CD3B7FF-DFD6-4263-8430-9069170BA086}"
EndProject
Global
	GlobalSection(SolutionConfigurationPlatforms) = preSolution
		Debug|Any CPU = Debug|Any CPU
		Release|Any CPU = Release|Any CPU
	EndGlobalSection
	GlobalSection(ProjectConfigurationPlatforms) = postSolution
		{5CD3B7FF-DFD6-4263-8430-9069170BA086}.Debug|Any CPU.ActiveCfg = Debug|Any CPU
		{5CD3B7FF-DFD6-4263-8430-9069170BA086}.Debug|Any CPU.Build.0 = Debug|Any CPU
		{5CD3B7FF-DFD6-4263-8430-9069170BA086}.Release|Any CPU.ActiveCfg = Release|Any CPU
		{5CD3B7FF-DFD6-4263-8430-9069170BA086}.Release|Any CPU.Build.0 = Release|Any CPU
	EndGlobalSection
	GlobalSection(SolutionProperties) = preSolution
		HideSolutionNode = FALSE
	EndGlobalSection
	GlobalSection(ExtensibilityGlobals) = postSolution
		SolutionGuid = {FC8AF592-F68E-49E5-A501-14AC32F5AF94}
	EndGlobalSection
EndGlobal
